
Microsoft Visual Studio Solution File, Format Version 12.00
# Visual Studio Version 17
VisualStudioVersion = 17.10.34916.146
MinimumVisualStudioVersion = 10.0.40219.1
Project("{FAE04EC0-301F-11D3-BF4B-00C04F79EFBC}") = "OpenLobby", "OpenLobby.csproj", "{6F611CA9-B70E-446E-86E3-2EDD724B7473}"
EndProject
Project("{FAE04EC0-301F-11D3-BF4B-00C04F79EFBC}") = "OpenLobby.Utility", "..\OpenLobby.Utility\OpenLobby.Utility.csproj", "{44C7BF23-E6D9-4413-AF01-5022B41C8052}"
EndProject
Global
	GlobalSection(SolutionConfigurationPlatforms) = preSolution
		Debug|Any CPU = Debug|Any CPU
		Release|Any CPU = Release|Any CPU
	EndGlobalSection
	GlobalSection(ProjectConfigurationPlatforms) = postSolution
		{6F611CA9-B70E-446E-86E3-2EDD724B7473}.Debug|Any CPU.ActiveCfg = Debug|Any CPU
		{6F611CA9-B70E-446E-86E3-2EDD724B7473}.Debug|Any CPU.Build.0 = Debug|Any CPU
		{6F611CA9-B70E-446E-86E3-2EDD724B7473}.Release|Any CPU.ActiveCfg = Release|Any CPU
		{6F611CA9-B70E-446E-86E3-2EDD724B7473}.Release|Any CPU.Build.0 = Release|Any CPU
		{44C7BF23-E6D9-4413-AF01-5022B41C8052}.Debug|Any CPU.ActiveCfg = Debug|Any CPU
		{44C7BF23-E6D9-4413-AF01-5022B41C8052}.Debug|Any CPU.Build.0 = Debug|Any CPU
		{44C7BF23-E6D9-4413-AF01-5022B41C8052}.Release|Any CPU.ActiveCfg = Release|Any CPU
		{44C7BF23-E6D9-4413-AF01-5022B41C8052}.Release|Any CPU.Build.0 = Release|Any CPU
	EndGlobalSection
	GlobalSection(SolutionProperties) = preSolution
		HideSolutionNode = FALSE
	EndGlobalSection
	GlobalSection(ExtensibilityGlobals) = postSolution
		SolutionGuid = {209B8222-02C2-45BE-BC16-33CA14ECA3B9}
	EndGlobalSection
EndGlobal
